github.com/kechako/mktree v0.1.0 h1:XEaKY6C319P1kwa2BpC74QZR6WUsn1wX4bQxWVOoKjE=
github.com/kechako/mktree v0.1.0/go.mod h1:/jDEi7YiJEGeK7XYE7PQ3fZPEyx+zSWklV3RXnFxqA4=
github.com/pkg/errors v0.8.1 h1:iURUrRGxPUNPdy5/HRSm+Yj6okJ6UtLINN0Q9M4+h3I=
github.com/pkg/errors v0.8.1/go.mod h1:bwawxfHBFNV+L2hUp1rHADufV3IMtnDRdf1r5NINEl0=
